// !$*UTF8*$!
{
	archiveVersion = 1;
	classes = {
	};
	objectVersion = 56;
	objects = {

/* Begin PBXBuildFile section */
		44BBD45D2931D1BF009917C3 /* AppDelegate.swift in Sources */ = {isa = PBXBuildFile; fileRef = 44BBD45C2931D1BF009917C3 /* AppDelegate.swift */; };
		44BBD45F2931D1BF009917C3 /* SceneDelegate.swift in Sources */ = {isa = PBXBuildFile; fileRef = 44BBD45E2931D1BF009917C3 /* SceneDelegate.swift */; };
		44BBD4612931D1BF009917C3 /* ViewController.swift in Sources */ = {isa = PBXBuildFile; fileRef = 44BBD4602931D1BF009917C3 /* ViewController.swift */; };
		44BBD4642931D1BF009917C3 /* Main.storyboard in Resources */ = {isa = PBXBuildFile; fileRef = 44BBD4622931D1BF009917C3 /* Main.storyboard */; };
		44BBD4662931D1C0009917C3 /* Assets.xcassets in Resources */ = {isa = PBXBuildFile; fileRef = 44BBD4652931D1C0009917C3 /* Assets.xcassets */; };
		44BBD4692931D1C0009917C3 /* LaunchScreen.storyboard in Resources */ = {isa = PBXBuildFile; fileRef = 44BBD4672931D1C0009917C3 /* LaunchScreen.storyboard */; };
		44BBD4712931D232009917C3 /* Countdown.swift in Sources */ = {isa = PBXBuildFile; fileRef = 44BBD4702931D232009917C3 /* Countdown.swift */; };
		44BBD4742931F3A1009917C3 /* LinkedList.swift in Sources */ = {isa = PBXBuildFile; fileRef = 44BBD4732931F3A1009917C3 /* LinkedList.swift */; };
		44BBD476293207CE009917C3 /* README.md in Resources */ = {isa = PBXBuildFile; fileRef = 44BBD475293207CE009917C3 /* README.md */; };
/* End PBXBuildFile section */

/* Begin PBXFileReference section */
		44BBD4592931D1BF009917C3 /* IteratorDemo.app */ = {isa = PBXFileReference; explicitFileType = wrapper.application; includeInIndex = 0; path = IteratorDemo.app; sourceTree = BUILT_PRODUCTS_DIR; };
		44BBD45C2931D1BF009917C3 /* AppDelegate.swift */ = {isa = PBXFileReference; lastKnownFileType = sourcecode.swift; path = AppDelegate.swift; sourceTree = "<group>"; };
		44BBD45E2931D1BF009917C3 /* SceneDelegate.swift */ = {isa = PBXFileReference; lastKnownFileType = sourcecode.swift; path = SceneDelegate.swift; sourceTree = "<group>"; };
		44BBD4602931D1BF009917C3 /* ViewController.swift */ = {isa = PBXFileReference; lastKnownFileType = sourcecode.swift; path = ViewController.swift; sourceTree = "<group>"; };
		44BBD4632931D1BF009917C3 /* Base */ = {isa = PBXFileReference; lastKnownFileType = file.storyboard; name = Base; path = Base.lproj/Main.storyboard; sourceTree = "<group>"; };
		44BBD4652931D1C0009917C3 /* Assets.xcassets */ = {isa = PBXFileReference; lastKnownFileType = folder.assetcatalog; path = Assets.xcassets; sourceTree = "<group>"; };
		44BBD4682931D1C0009917C3 /* Base */ = {isa = PBXFileReference; lastKnownFileType = file.storyboard; name = Base; path = Base.lproj/LaunchScreen.storyboard; sourceTree = "<group>"; };
		44BBD46A2931D1C0009917C3 /* Info.plist */ = {isa = PBXFileReference; lastKnownFileType = text.plist.xml; path = Info.plist; sourceTree = "<group>"; };
		44BBD4702931D232009917C3 /* Countdown.swift */ = {isa = PBXFileReference; lastKnownFileType = sourcecode.swift; path = Countdown.swift; sourceTree = "<group>"; };
		44BBD4722931D530009917C3 /* Demo.playground */ = {isa = PBXFileReference; lastKnownFileType = file.playground; path = Demo.playground; sourceTree = "<group>"; xcLanguageSpecificationIdentifier = xcode.lang.swift; };
		44BBD4732931F3A1009917C3 /* LinkedList.swift */ = {isa = PBXFileReference; lastKnownFileType = sourcecode.swift; path = LinkedList.swift; sourceTree = "<group>"; };
		44BBD475293207CE009917C3 /* README.md */ = {isa = PBXFileReference; fileEncoding = 4; lastKnownFileType = net.daringfireball.markdown; path = README.md; sourceTree = "<group>"; };
/* End PBXFileReference section */

/* Begin PBXFrameworksBuildPhase section */
		44BBD4562931D1BF009917C3 /* Frameworks */ = {
			isa = PBXFrameworksBuildPhase;
			buildActionMask = 2147483647;
			files = (
			);
			runOnlyForDeploymentPostprocessing = 0;
		};
/* End PBXFrameworksBuildPhase section */

/* Begin PBXGroup section */
		44BBD4502931D1BE009917C3 = {
			isa = PBXGroup;
			children = (
				44BBD475293207CE009917C3 /* README.md */,
				44BBD45B2931D1BF009917C3 /* IteratorDemo */,
				44BBD45A2931D1BF009917C3 /* Products */,
			);
			sourceTree = "<group>";
		};
		44BBD45A2931D1BF009917C3 /* Products */ = {
			isa = PBXGroup;
			children = (
				44BBD4592931D1BF009917C3 /* IteratorDemo.app */,
			);
			name = Products;
			sourceTree = "<group>";
		};
		44BBD45B2931D1BF009917C3 /* IteratorDemo */ = {
			isa = PBXGroup;
			children = (
				44BBD4722931D530009917C3 /* Demo.playground */,
				44BBD45C2931D1BF009917C3 /* AppDelegate.swift */,
				44BBD45E2931D1BF009917C3 /* SceneDelegate.swift */,
				44BBD4602931D1BF009917C3 /* ViewController.swift */,
				44BBD4702931D232009917C3 /* Countdown.swift */,
				44BBD4732931F3A1009917C3 /* LinkedList.swift */,
				44BBD4622931D1BF009917C3 /* Main.storyboard */,
				44BBD4652931D1C0009917C3 /* Assets.xcassets */,
				44BBD4672931D1C0009917C3 /* LaunchScreen.storyboard */,
				44BBD46A2931D1C0009917C3 /* Info.plist */,
			);
			path = IteratorDemo;
			sourceTree = "<group>";
		};
/* End PBXGroup section */

/* Begin PBXNativeTarget section */
		44BBD4582931D1BF009917C3 /* IteratorDemo */ = {
			isa = PBXNativeTarget;
			buildConfigurationList = 44BBD46D2931D1C0009917C3 /* Build configuration list for PBXNativeTarget "IteratorDemo" */;
			buildPhases = (
				44BBD4552931D1BF009917C3 /* Sources */,
				44BBD4562931D1BF009917C3 /* Frameworks */,
				44BBD4572931D1BF009917C3 /* Resources */,
			);
			buildRules = (
			);
			dependencies = (
			);
			name = IteratorDemo;
			productName = IteratorDemo;
			productReference = 44BBD4592931D1BF009917C3 /* IteratorDemo.app */;
			productType = "com.apple.product-type.application";
		};
/* End PBXNativeTarget section */

/* Begin PBXProject section */
		44BBD4512931D1BE009917C3 /* Project object */ = {
			isa = PBXProject;
			attributes = {
				BuildIndependentTargetsInParallel = 1;
				LastSwiftUpdateCheck = 1410;
				LastUpgradeCheck = 1410;
				TargetAttributes = {
					44BBD4582931D1BF009917C3 = {
						CreatedOnToolsVersion = 14.1;
					};
				};
			};
			buildConfigurationList = 44BBD4542931D1BF009917C3 /* Build configuration list for PBXProject "IteratorDemo" */;
			compatibilityVersion = "Xcode 14.0";
			developmentRegion = en;
			hasScannedForEncodings = 0;
			knownRegions = (
				en,
				Base,
			);
			mainGroup = 44BBD4502931D1BE009917C3;
			productRefGroup = 44BBD45A2931D1BF009917C3 /* Products */;
			projectDirPath = "";
			projectRoot = "";
			targets = (
				44BBD4582931D1BF009917C3 /* IteratorDemo */,
			);
		};
/* End PBXProject section */

/* Begin PBXResourcesBuildPhase section */
		44BBD4572931D1BF009917C3 /* Resources */ = {
			isa = PBXResourcesBuildPhase;
			buildActionMask = 2147483647;
			files = (
				44BBD4692931D1C0009917C3 /* LaunchScreen.storyboard in Resources */,
				44BBD4662931D1C0009917C3 /* Assets.xcassets in Resources */,
				44BBD476293207CE009917C3 /* README.md in Resources */,
				44BBD4642931D1BF009917C3 /* Main.storyboard in Resources */,
			);
			runOnlyForDeploymentPostprocessing = 0;
		};
/* End PBXResourcesBuildPhase section */

/* Begin PBXSourcesBuildPhase section */
		44BBD4552931D1BF009917C3 /* Sources */ = {
			isa = PBXSourcesBuildPhase;
			buildActionMask = 2147483647;
			files = (
				44BBD4612931D1BF009917C3 /* ViewController.swift in Sources */,
				44BBD45D2931D1BF009917C3 /* AppDelegate.swift in Sources */,
				44BBD4742931F3A1009917C3 /* LinkedList.swift in Sources */,
				44BBD45F2931D1BF009917C3 /* SceneDelegate.swift in Sources */,
				44BBD4712931D232009917C3 /* Countdown.swift in Sources */,
			);
			runOnlyForDeploymentPostprocessing = 0;
		};
/* End PBXSourcesBuildPhase section */

/* Begin PBXVariantGroup section */
		44BBD4622931D1BF009917C3 /* Main.storyboard */ = {
			isa = PBXVariantGroup;
			children = (
				44BBD4632931D1BF009917C3 /* Base */,
			);
			name = Main.storyboard;
			sourceTree = "<group>";
		};
		44BBD4672931D1C0009917C3 /* LaunchScreen.storyboard */ = {
			isa = PBXVariantGroup;
			children = (
				44BBD4682931D1C0009917C3 /* Base */,
			);
			name = LaunchScreen.storyboard;
			sourceTree = "<group>";
		};
/* End PBXVariantGroup section */

/* Begin XCBuildConfiguration section */
		44BBD46B2931D1C0009917C3 /* Debug */ = {
			isa = XCBuildConfiguration;
			buildSettings = {
				ALWAYS_SEARCH_USER_PATHS = NO;
				CLANG_ANALYZER_NONNULL = YES;
				CLANG_ANALYZER_NUMBER_OBJECT_CONVERSION = YES_AGGRESSIVE;
				CLANG_CXX_LANGUAGE_STANDARD = "gnu++20";
				CLANG_ENABLE_MODULES = YES;
				CLANG_ENABLE_OBJC_ARC = YES;
				CLANG_ENABLE_OBJC_WEAK = YES;
				CLANG_WARN_BLOCK_CAPTURE_AUTORELEASING = YES;
				CLANG_WARN_BOOL_CONVERSION = YES;
				CLANG_WARN_COMMA = YES;
				CLANG_WARN_CONSTANT_CONVERSION = YES;
				CLANG_WARN_DEPRECATED_OBJC_IMPLEMENTATIONS = YES;
				CLANG_WARN_DIRECT_OBJC_ISA_USAGE = YES_ERROR;
				CLANG_WARN_DOCUMENTATION_COMMENTS = YES;
				CLANG_WARN_EMPTY_BODY = YES;
				CLANG_WARN_ENUM_CONVERSION = YES;
				CLANG_WARN_INFINITE_RECURSION = YES;
				CLANG_WARN_INT_CONVERSION = YES;
				CLANG_WARN_NON_LITERAL_NULL_CONVERSION = YES;
				CLANG_WARN_OBJC_IMPLICIT_RETAIN_SELF = YES;
				CLANG_WARN_OBJC_LITERAL_CONVERSION = YES;
				CLANG_WARN_OBJC_ROOT_CLASS = YES_ERROR;
				CLANG_WARN_QUOTED_INCLUDE_IN_FRAMEWORK_HEADER = YES;
				CLANG_WARN_RANGE_LOOP_ANALYSIS = YES;
				CLANG_WARN_STRICT_PROTOTYPES = YES;
				CLANG_WARN_SUSPICIOUS_MOVE = YES;
				CLANG_WARN_UNGUARDED_AVAILABILITY = YES_AGGRESSIVE;
				CLANG_WARN_UNREACHABLE_CODE = YES;
				CLANG_WARN__DUPLICATE_METHOD_MATCH = YES;
				COPY_PHASE_STRIP = NO;
				DEBUG_INFORMATION_FORMAT = dwarf;
				ENABLE_STRICT_OBJC_MSGSEND = YES;
				ENABLE_TESTABILITY = YES;
				GCC_C_LANGUAGE_STANDARD = gnu11;
				GCC_DYNAMIC_NO_PIC = NO;
				GCC_NO_COMMON_BLOCKS = YES;
				GCC_OPTIMIZATION_LEVEL = 0;
				GCC_PREPROCESSOR_DEFINITIONS = (
					"DEBUG=1",
					"$(inherited)",
				);
				GCC_WARN_64_TO_32_BIT_CONVERSION = YES;
				GCC_WARN_ABOUT_RETURN_TYPE = YES_ERROR;
				GCC_WARN_UNDECLARED_SELECTOR = YES;
				GCC_WARN_UNINITIALIZED_AUTOS = YES_AGGRESSIVE;
				GCC_WARN_UNUSED_FUNCTION = YES;
				GCC_WARN_UNUSED_VARIABLE = YES;
				IPHONEOS_DEPLOYMENT_TARGET = 16.1;
				MTL_ENABLE_DEBUG_INFO = INCLUDE_SOURCE;
				MTL_FAST_MATH = YES;
				ONLY_ACTIVE_ARCH = YES;
				SDKROOT = iphoneos;
				SWIFT_ACTIVE_COMPILATION_CONDITIONS = DEBUG;
				SWIFT_OPTIMIZATION_LEVEL = "-Onone";
			};
			name = Debug;
		};
		44BBD46C2931D1C0009917C3 /* Release */ = {
			isa = XCBuildConfiguration;
			buildSettings = {
				ALWAYS_SEARCH_USER_PATHS = NO;
				CLANG_ANALYZER_NONNULL = YES;
				CLANG_ANALYZER_NUMBER_OBJECT_CONVERSION = YES_AGGRESSIVE;
				CLANG_CXX_LANGUAGE_STANDARD = "gnu++20";
				CLANG_ENABLE_MODULES = YES;
				CLANG_ENABLE_OBJC_ARC = YES;
				CLANG_ENABLE_OBJC_WEAK = YES;
				CLANG_WARN_BLOCK_CAPTURE_AUTORELEASING = YES;
				CLANG_WARN_BOOL_CONVERSION = YES;
				CLANG_WARN_COMMA = YES;
				CLANG_WARN_CONSTANT_CONVERSION = YES;
				CLANG_WARN_DEPRECATED_OBJC_IMPLEMENTATIONS = YES;
				CLANG_WARN_DIRECT_OBJC_ISA_USAGE = YES_ERROR;
				CLANG_WARN_DOCUMENTATION_COMMENTS = YES;
				CLANG_WARN_EMPTY_BODY = YES;
				CLANG_WARN_ENUM_CONVERSION = YES;
				CLANG_WARN_INFINITE_RECURSION = YES;
				CLANG_WARN_INT_CONVERSION = YES;
				CLANG_WARN_NON_LITERAL_NULL_CONVERSION = YES;
				CLANG_WARN_OBJC_IMPLICIT_RETAIN_SELF = YES;
				CLANG_WARN_OBJC_LITERAL_CONVERSION = YES;
				CLANG_WARN_OBJC_ROOT_CLASS = YES_ERROR;
				CLANG_WARN_QUOTED_INCLUDE_IN_FRAMEWORK_HEADER = YES;
				CLANG_WARN_RANGE_LOOP_ANALYSIS = YES;
				CLANG_WARN_STRICT_PROTOTYPES = YES;
				CLANG_WARN_SUSPICIOUS_MOVE = YES;
				CLANG_WARN_UNGUARDED_AVAILABILITY = YES_AGGRESSIVE;
				CLANG_WARN_UNREACHABLE_CODE = YES;
				CLANG_WARN__DUPLICATE_METHOD_MATCH = YES;
				COPY_PHASE_STRIP = NO;
				DEBUG_INFORMATION_FORMAT = "dwarf-with-dsym";
				ENABLE_NS_ASSERTIONS = NO;
				ENABLE_STRICT_OBJC_MSGSEND = YES;
				GCC_C_LANGUAGE_STANDARD = gnu11;
				GCC_NO_COMMON_BLOCKS = YES;
				GCC_WARN_64_TO_32_BIT_CONVERSION = YES;
				GCC_WARN_ABOUT_RETURN_TYPE = YES_ERROR;
				GCC_WARN_UNDECLARED_SELECTOR = YES;
				GCC_WARN_UNINITIALIZED_AUTOS = YES_AGGRESSIVE;
				GCC_WARN_UNUSED_FUNCTION = YES;
				GCC_WARN_UNUSED_VARIABLE = YES;
				IPHONEOS_DEPLOYMENT_TARGET = 16.1;
				MTL_ENABLE_DEBUG_INFO = NO;
				MTL_FAST_MATH = YES;
				SDKROOT = iphoneos;
				SWIFT_COMPILATION_MODE = wholemodule;
				SWIFT_OPTIMIZATION_LEVEL = "-O";
				VALIDATE_PRODUCT = YES;
			};
			name = Release;
		};
		44BBD46E2931D1C0009917C3 /* Debug */ = {
			isa = XCBuildConfiguration;
			buildSettings = {
				ASSETCATALOG_COMPILER_APPICON_NAME = AppIcon;
				ASSETCATALOG_COMPILER_GLOBAL_ACCENT_COLOR_NAME = AccentColor;
				CODE_SIGN_STYLE = Automatic;
				CURRENT_PROJECT_VERSION = 1;
				DEVELOPMENT_TEAM = 3N3P7CH9QV;
				GENERATE_INFOPLIST_FILE = YES;
				INFOPLIST_FILE = IteratorDemo/Info.plist;
				INFOPLIST_KEY_UIApplicationSupportsIndirectInputEvents = YES;
				INFOPLIST_KEY_UILaunchStoryboardName = LaunchScreen;
				INFOPLIST_KEY_UIMainStoryboardFile = Main;
				INFOPLIST_KEY_UISupportedInterfaceOrientations_iPad = "UIInterfaceOrientationPortrait UIInterfaceOrientationPortraitUpsideDown UIInterfaceOrientationLandscapeLeft UIInterfaceOrientationLandscapeRight";
				INFOPLIST_KEY_UISupportedInterfaceOrientations_iPhone = "UIInterfaceOrientationPortrait UIInterfaceOrientationLandscapeLeft UIInterfaceOrientationLandscapeRight";
				LD_RUNPATH_SEARCH_PATHS = (
					"$(inherited)",
					"@executable_path/Frameworks",
				);
				MARKETING_VERSION = 1.0;
				PRODUCT_BUNDLE_IDENTIFIER = com.bibintomj.IteratorDemo;
				PRODUCT_NAME = "$(TARGET_NAME)";
				SWIFT_EMIT_LOC_STRINGS = YES;
				SWIFT_VERSION = 5.0;
				TARGETED_DEVICE_FAMILY = "1,2";
			};
			name = Debug;
		};
		44BBD46F2931D1C0009917C3 /* Release */ = {
			isa = XCBuildConfiguration;
			buildSettings = {
				ASSETCATALOG_COMPILER_APPICON_NAME = AppIcon;
				ASSETCATALOG_COMPILER_GLOBAL_ACCENT_COLOR_NAME = AccentColor;
				CODE_SIGN_STYLE = Automatic;
				CURRENT_PROJECT_VERSION = 1;
				DEVELOPMENT_TEAM = 3N3P7CH9QV;
				GENERATE_INFOPLIST_FILE = YES;
				INFOPLIST_FILE = IteratorDemo/Info.plist;
				INFOPLIST_KEY_UIApplicationSupportsIndirectInputEvents = YES;
				INFOPLIST_KEY_UILaunchStoryboardName = LaunchScreen;
				INFOPLIST_KEY_UIMainStoryboardFile = Main;
				INFOPLIST_KEY_UISupportedInterfaceOrientations_iPad = "UIInterfaceOrientationPortrait UIInterfaceOrientationPortraitUpsideDown UIInterfaceOrientationLandscapeLeft UIInterfaceOrientationLandscapeRight";
				INFOPLIST_KEY_UISupportedInterfaceOrientations_iPhone = "UIInterfaceOrientationPortrait UIInterfaceOrientationLandscapeLeft UIInterfaceOrientationLandscapeRight";
				LD_RUNPATH_SEARCH_PATHS = (
					"$(inherited)",
					"@executable_path/Frameworks",
				);
				MARKETING_VERSION = 1.0;
				PRODUCT_BUNDLE_IDENTIFIER = com.bibintomj.IteratorDemo;
				PRODUCT_NAME = "$(TARGET_NAME)";
				SWIFT_EMIT_LOC_STRINGS = YES;
				SWIFT_VERSION = 5.0;
				TARGETED_DEVICE_FAMILY = "1,2";
			};
			name = Release;
		};
/* End XCBuildConfiguration section */

/* Begin XCConfigurationList section */
		44BBD4542931D1BF009917C3 /* Build configuration list for PBXProject "IteratorDemo" */ = {
			isa = XCConfigurationList;
			buildConfigurations = (
				44BBD46B2931D1C0009917C3 /* Debug */,
				44BBD46C2931D1C0009917C3 /* Release */,
			);
			defaultConfigurationIsVisible = 0;
			defaultConfigurationName = Release;
		};
		44BBD46D2931D1C0009917C3 /* Build configuration list for PBXNativeTarget "IteratorDemo" */ = {
			isa = XCConfigurationList;
			buildConfigurations = (
				44BBD46E2931D1C0009917C3 /* Debug */,
				44BBD46F2931D1C0009917C3 /* Release */,
			);
			defaultConfigurationIsVisible = 0;
			defaultConfigurationName = Release;
		};
/* End XCConfigurationList section */
	};
	rootObject = 44BBD4512931D1BE009917C3 /* Project object */;
}
